// !$*UTF8*$!
{
	archiveVersion = 1;
	classes = {
	};
	objectVersion = 55;
	objects = {

/* Begin PBXBuildFile section */
		01F3DD5A4874BBD26908AB8B /* Pods_CryptoMarkets.framework in Frameworks */ = {isa = PBXBuildFile; fileRef = C4E9B0131BDDE5294608FA92 /* Pods_CryptoMarkets.framework */; };
		FD10151B26FDB38200DDCFAC /* AppDelegate.swift in Sources */ = {isa = PBXBuildFile; fileRef = FD10151A26FDB38200DDCFAC /* AppDelegate.swift */; };
		FD10151D26FDB38200DDCFAC /* SceneDelegate.swift in Sources */ = {isa = PBXBuildFile; fileRef = FD10151C26FDB38200DDCFAC /* SceneDelegate.swift */; };
		FD10152226FDB38200DDCFAC /* Main.storyboard in Resources */ = {isa = PBXBuildFile; fileRef = FD10152026FDB38200DDCFAC /* Main.storyboard */; };
		FD10152426FDB38500DDCFAC /* Assets.xcassets in Resources */ = {isa = PBXBuildFile; fileRef = FD10152326FDB38500DDCFAC /* Assets.xcassets */; };
		FD10152726FDB38500DDCFAC /* LaunchScreen.storyboard in Resources */ = {isa = PBXBuildFile; fileRef = FD10152526FDB38500DDCFAC /* LaunchScreen.storyboard */; };
		FD10153226FDBDF700DDCFAC /* Exchange.swift in Sources */ = {isa = PBXBuildFile; fileRef = FD10153126FDBDF700DDCFAC /* Exchange.swift */; };
		FD10153426FDBE0200DDCFAC /* Market.swift in Sources */ = {isa = PBXBuildFile; fileRef = FD10153326FDBE0200DDCFAC /* Market.swift */; };
		FD10153726FDC34D00DDCFAC /* Currency.swift in Sources */ = {isa = PBXBuildFile; fileRef = FD10153626FDC34D00DDCFAC /* Currency.swift */; };
		FD10153926FED87C00DDCFAC /* NetworkManager.swift in Sources */ = {isa = PBXBuildFile; fileRef = FD10153826FED87C00DDCFAC /* NetworkManager.swift */; };
		FD10153C26FF093D00DDCFAC /* ExchangesListViewController.swift in Sources */ = {isa = PBXBuildFile; fileRef = FD10153B26FF093D00DDCFAC /* ExchangesListViewController.swift */; };
		FD10154226FF156500DDCFAC /* DetailedExchangeViewController.swift in Sources */ = {isa = PBXBuildFile; fileRef = FD10154126FF156500DDCFAC /* DetailedExchangeViewController.swift */; };
		FD10154426FF169900DDCFAC /* CurrencyForExchangeTableViewCell.swift in Sources */ = {isa = PBXBuildFile; fileRef = FD10154326FF169900DDCFAC /* CurrencyForExchangeTableViewCell.swift */; };
		FD10154626FF441B00DDCFAC /* CurrencyTableViewCell.swift in Sources */ = {isa = PBXBuildFile; fileRef = FD10154526FF441B00DDCFAC /* CurrencyTableViewCell.swift */; };
		FD10154826FF464400DDCFAC /* CurrenciesListViewController.swift in Sources */ = {isa = PBXBuildFile; fileRef = FD10154726FF464400DDCFAC /* CurrenciesListViewController.swift */; };
		FD10154A26FF5CC200DDCFAC /* MarketsByCurrencyViewController.swift in Sources */ = {isa = PBXBuildFile; fileRef = FD10154926FF5CC200DDCFAC /* MarketsByCurrencyViewController.swift */; };
		FD10154C26FF5CEB00DDCFAC /* CurrencyForMarketTableViewCell.swift in Sources */ = {isa = PBXBuildFile; fileRef = FD10154B26FF5CEB00DDCFAC /* CurrencyForMarketTableViewCell.swift */; };
		FD10154F270071FC00DDCFAC /* Extension+UiTableViewCell.swift in Sources */ = {isa = PBXBuildFile; fileRef = FD10154E270071FC00DDCFAC /* Extension+UiTableViewCell.swift */; };
		FD37B3AA270446C5008D3215 /* Routes.swift in Sources */ = {isa = PBXBuildFile; fileRef = FD37B3A9270446C5008D3215 /* Routes.swift */; };
		FD37B3AC2704593E008D3215 /* AlamofireNetworkManager.swift in Sources */ = {isa = PBXBuildFile; fileRef = FD37B3AB2704593E008D3215 /* AlamofireNetworkManager.swift */; };
/* End PBXBuildFile section */

/* Begin PBXFileReference section */
		75D259574495E8256EC65627 /* Pods-CryptoMarkets.release.xcconfig */ = {isa = PBXFileReference; includeInIndex = 1; lastKnownFileType = text.xcconfig; name = "Pods-CryptoMarkets.release.xcconfig"; path = "Target Support Files/Pods-CryptoMarkets/Pods-CryptoMarkets.release.xcconfig"; sourceTree = "<group>"; };
		C4E9B0131BDDE5294608FA92 /* Pods_CryptoMarkets.framework */ = {isa = PBXFileReference; explicitFileType = wrapper.framework; includeInIndex = 0; path = Pods_CryptoMarkets.framework; sourceTree = BUILT_PRODUCTS_DIR; };
		E2160BC091A7D3E401FA07CA /* Pods-CryptoMarkets.debug.xcconfig */ = {isa = PBXFileReference; includeInIndex = 1; lastKnownFileType = text.xcconfig; name = "Pods-CryptoMarkets.debug.xcconfig"; path = "Target Support Files/Pods-CryptoMarkets/Pods-CryptoMarkets.debug.xcconfig"; sourceTree = "<group>"; };
		FD10151726FDB38200DDCFAC /* CryptoMarkets.app */ = {isa = PBXFileReference; explicitFileType = wrapper.application; includeInIndex = 0; path = CryptoMarkets.app; sourceTree = BUILT_PRODUCTS_DIR; };
		FD10151A26FDB38200DDCFAC /* AppDelegate.swift */ = {isa = PBXFileReference; lastKnownFileType = sourcecode.swift; path = AppDelegate.swift; sourceTree = "<group>"; };
		FD10151C26FDB38200DDCFAC /* SceneDelegate.swift */ = {isa = PBXFileReference; lastKnownFileType = sourcecode.swift; path = SceneDelegate.swift; sourceTree = "<group>"; };
		FD10152126FDB38200DDCFAC /* Base */ = {isa = PBXFileReference; lastKnownFileType = file.storyboard; name = Base; path = Base.lproj/Main.storyboard; sourceTree = "<group>"; };
		FD10152326FDB38500DDCFAC /* Assets.xcassets */ = {isa = PBXFileReference; lastKnownFileType = folder.assetcatalog; path = Assets.xcassets; sourceTree = "<group>"; };
		FD10152626FDB38500DDCFAC /* Base */ = {isa = PBXFileReference; lastKnownFileType = file.storyboard; name = Base; path = Base.lproj/LaunchScreen.storyboard; sourceTree = "<group>"; };
		FD10152826FDB38500DDCFAC /* Info.plist */ = {isa = PBXFileReference; lastKnownFileType = text.plist.xml; path = Info.plist; sourceTree = "<group>"; };
		FD10153126FDBDF700DDCFAC /* Exchange.swift */ = {isa = PBXFileReference; lastKnownFileType = sourcecode.swift; path = Exchange.swift; sourceTree = "<group>"; };
		FD10153326FDBE0200DDCFAC /* Market.swift */ = {isa = PBXFileReference; lastKnownFileType = sourcecode.swift; path = Market.swift; sourceTree = "<group>"; };
		FD10153626FDC34D00DDCFAC /* Currency.swift */ = {isa = PBXFileReference; lastKnownFileType = sourcecode.swift; path = Currency.swift; sourceTree = "<group>"; };
		FD10153826FED87C00DDCFAC /* NetworkManager.swift */ = {isa = PBXFileReference; lastKnownFileType = sourcecode.swift; path = NetworkManager.swift; sourceTree = "<group>"; };
		FD10153B26FF093D00DDCFAC /* ExchangesListViewController.swift */ = {isa = PBXFileReference; lastKnownFileType = sourcecode.swift; path = ExchangesListViewController.swift; sourceTree = "<group>"; };
		FD10154126FF156500DDCFAC /* DetailedExchangeViewController.swift */ = {isa = PBXFileReference; lastKnownFileType = sourcecode.swift; path = DetailedExchangeViewController.swift; sourceTree = "<group>"; };
		FD10154326FF169900DDCFAC /* CurrencyForExchangeTableViewCell.swift */ = {isa = PBXFileReference; lastKnownFileType = sourcecode.swift; path = CurrencyForExchangeTableViewCell.swift; sourceTree = "<group>"; };
		FD10154526FF441B00DDCFAC /* CurrencyTableViewCell.swift */ = {isa = PBXFileReference; lastKnownFileType = sourcecode.swift; path = CurrencyTableViewCell.swift; sourceTree = "<group>"; };
		FD10154726FF464400DDCFAC /* CurrenciesListViewController.swift */ = {isa = PBXFileReference; lastKnownFileType = sourcecode.swift; path = CurrenciesListViewController.swift; sourceTree = "<group>"; };
		FD10154926FF5CC200DDCFAC /* MarketsByCurrencyViewController.swift */ = {isa = PBXFileReference; lastKnownFileType = sourcecode.swift; path = MarketsByCurrencyViewController.swift; sourceTree = "<group>"; };
		FD10154B26FF5CEB00DDCFAC /* CurrencyForMarketTableViewCell.swift */ = {isa = PBXFileReference; lastKnownFileType = sourcecode.swift; path = CurrencyForMarketTableViewCell.swift; sourceTree = "<group>"; };
		FD10154E270071FC00DDCFAC /* Extension+UiTableViewCell.swift */ = {isa = PBXFileReference; lastKnownFileType = sourcecode.swift; path = "Extension+UiTableViewCell.swift"; sourceTree = "<group>"; };
		FD37B3A9270446C5008D3215 /* Routes.swift */ = {isa = PBXFileReference; lastKnownFileType = sourcecode.swift; path = Routes.swift; sourceTree = "<group>"; };
		FD37B3AB2704593E008D3215 /* AlamofireNetworkManager.swift */ = {isa = PBXFileReference; lastKnownFileType = sourcecode.swift; path = AlamofireNetworkManager.swift; sourceTree = "<group>"; };
/* End PBXFileReference section */

/* Begin PBXFrameworksBuildPhase section */
		FD10151426FDB38200DDCFAC /* Frameworks */ = {
			isa = PBXFrameworksBuildPhase;
			buildActionMask = 2147483647;
			files = (
				01F3DD5A4874BBD26908AB8B /* Pods_CryptoMarkets.framework in Frameworks */,
			);
			runOnlyForDeploymentPostprocessing = 0;
		};
/* End PBXFrameworksBuildPhase section */

/* Begin PBXGroup section */
		09D764C0D637297F0935994A /* Frameworks */ = {
			isa = PBXGroup;
			children = (
				C4E9B0131BDDE5294608FA92 /* Pods_CryptoMarkets.framework */,
			);
			name = Frameworks;
			sourceTree = "<group>";
		};
		CCDC08E174183B68305381A2 /* Pods */ = {
			isa = PBXGroup;
			children = (
				E2160BC091A7D3E401FA07CA /* Pods-CryptoMarkets.debug.xcconfig */,
				75D259574495E8256EC65627 /* Pods-CryptoMarkets.release.xcconfig */,
			);
			path = Pods;
			sourceTree = "<group>";
		};
		FD10150E26FDB38200DDCFAC = {
			isa = PBXGroup;
			children = (
				FD10151926FDB38200DDCFAC /* CryptoMarkets */,
				FD10151826FDB38200DDCFAC /* Products */,
				CCDC08E174183B68305381A2 /* Pods */,
				09D764C0D637297F0935994A /* Frameworks */,
			);
			sourceTree = "<group>";
		};
		FD10151826FDB38200DDCFAC /* Products */ = {
			isa = PBXGroup;
			children = (
				FD10151726FDB38200DDCFAC /* CryptoMarkets.app */,
			);
			name = Products;
			sourceTree = "<group>";
		};
		FD10151926FDB38200DDCFAC /* CryptoMarkets */ = {
			isa = PBXGroup;
			children = (
				FD10152E26FDBD6A00DDCFAC /* App */,
				FD10152F26FDBD7500DDCFAC /* ViewControllers */,
				FD10153A26FED88200DDCFAC /* Services */,
				FD10153526FDBE0800DDCFAC /* Models */,
				FD1015502700720D00DDCFAC /* Extensions */,
				FD10153026FDBD8B00DDCFAC /* Storyboards */,
				FD10152326FDB38500DDCFAC /* Assets.xcassets */,
			);
			path = CryptoMarkets;
			sourceTree = "<group>";
		};
		FD10152E26FDBD6A00DDCFAC /* App */ = {
			isa = PBXGroup;
			children = (
				FD10151A26FDB38200DDCFAC /* AppDelegate.swift */,
				FD10151C26FDB38200DDCFAC /* SceneDelegate.swift */,
				FD10152826FDB38500DDCFAC /* Info.plist */,
			);
			path = App;
			sourceTree = "<group>";
		};
		FD10152F26FDBD7500DDCFAC /* ViewControllers */ = {
			isa = PBXGroup;
			children = (
				FD10153B26FF093D00DDCFAC /* ExchangesListViewController.swift */,
				FD10154126FF156500DDCFAC /* DetailedExchangeViewController.swift */,
				FD10154726FF464400DDCFAC /* CurrenciesListViewController.swift */,
				FD10154926FF5CC200DDCFAC /* MarketsByCurrencyViewController.swift */,
				FD10154D26FF69F700DDCFAC /* Cells */,
			);
			path = ViewControllers;
			sourceTree = "<group>";
		};
		FD10153026FDBD8B00DDCFAC /* Storyboards */ = {
			isa = PBXGroup;
			children = (
				FD10152026FDB38200DDCFAC /* Main.storyboard */,
				FD10152526FDB38500DDCFAC /* LaunchScreen.storyboard */,
			);
			path = Storyboards;
			sourceTree = "<group>";
		};
		FD10153526FDBE0800DDCFAC /* Models */ = {
			isa = PBXGroup;
			children = (
				FD10153126FDBDF700DDCFAC /* Exchange.swift */,
				FD10153626FDC34D00DDCFAC /* Currency.swift */,
				FD10153326FDBE0200DDCFAC /* Market.swift */,
			);
			path = Models;
			sourceTree = "<group>";
		};
		FD10153A26FED88200DDCFAC /* Services */ = {
			isa = PBXGroup;
			children = (
				FD10153826FED87C00DDCFAC /* NetworkManager.swift */,
				FD37B3AB2704593E008D3215 /* AlamofireNetworkManager.swift */,
				FD37B3A9270446C5008D3215 /* Routes.swift */,
			);
			path = Services;
			sourceTree = "<group>";
		};
		FD10154D26FF69F700DDCFAC /* Cells */ = {
			isa = PBXGroup;
			children = (
				FD10154326FF169900DDCFAC /* CurrencyForExchangeTableViewCell.swift */,
				FD10154526FF441B00DDCFAC /* CurrencyTableViewCell.swift */,
				FD10154B26FF5CEB00DDCFAC /* CurrencyForMarketTableViewCell.swift */,
			);
			path = Cells;
			sourceTree = "<group>";
		};
		FD1015502700720D00DDCFAC /* Extensions */ = {
			isa = PBXGroup;
			children = (
				FD10154E270071FC00DDCFAC /* Extension+UiTableViewCell.swift */,
			);
			path = Extensions;
			sourceTree = "<group>";
		};
/* End PBXGroup section */

/* Begin PBXNativeTarget section */
		FD10151626FDB38200DDCFAC /* CryptoMarkets */ = {
			isa = PBXNativeTarget;
			buildConfigurationList = FD10152B26FDB38500DDCFAC /* Build configuration list for PBXNativeTarget "CryptoMarkets" */;
			buildPhases = (
				BCB2EFA4C5CBEF7C4DCDA431 /* [CP] Check Pods Manifest.lock */,
				FD10151326FDB38200DDCFAC /* Sources */,
				FD10151426FDB38200DDCFAC /* Frameworks */,
				FD10151526FDB38200DDCFAC /* Resources */,
				11D9D33F2B23158FD4C79FA2 /* [CP] Embed Pods Frameworks */,
			);
			buildRules = (
			);
			dependencies = (
			);
			name = CryptoMarkets;
			productName = CryptoMarkets;
			productReference = FD10151726FDB38200DDCFAC /* CryptoMarkets.app */;
			productType = "com.apple.product-type.application";
		};
/* End PBXNativeTarget section */

/* Begin PBXProject section */
		FD10150F26FDB38200DDCFAC /* Project object */ = {
			isa = PBXProject;
			attributes = {
				BuildIndependentTargetsInParallel = 1;
				LastSwiftUpdateCheck = 1300;
				LastUpgradeCheck = 1300;
				TargetAttributes = {
					FD10151626FDB38200DDCFAC = {
						CreatedOnToolsVersion = 13.0;
					};
				};
			};
			buildConfigurationList = FD10151226FDB38200DDCFAC /* Build configuration list for PBXProject "CryptoMarkets" */;
			compatibilityVersion = "Xcode 13.0";
			developmentRegion = en;
			hasScannedForEncodings = 0;
			knownRegions = (
				en,
				Base,
			);
			mainGroup = FD10150E26FDB38200DDCFAC;
			productRefGroup = FD10151826FDB38200DDCFAC /* Products */;
			projectDirPath = "";
			projectRoot = "";
			targets = (
				FD10151626FDB38200DDCFAC /* CryptoMarkets */,
			);
		};
/* End PBXProject section */

/* Begin PBXResourcesBuildPhase section */
		FD10151526FDB38200DDCFAC /* Resources */ = {
			isa = PBXResourcesBuildPhase;
			buildActionMask = 2147483647;
			files = (
				FD10152726FDB38500DDCFAC /* LaunchScreen.storyboard in Resources */,
				FD10152426FDB38500DDCFAC /* Assets.xcassets in Resources */,
				FD10152226FDB38200DDCFAC /* Main.storyboard in Resources */,
			);
			runOnlyForDeploymentPostprocessing = 0;
		};
/* End PBXResourcesBuildPhase section */

/* Begin PBXShellScriptBuildPhase section */
		11D9D33F2B23158FD4C79FA2 /* [CP] Embed Pods Frameworks */ = {
			isa = PBXShellScriptBuildPhase;
			buildActionMask = 2147483647;
			files = (
			);
			inputFileListPaths = (
				"${PODS_ROOT}/Target Support Files/Pods-CryptoMarkets/Pods-CryptoMarkets-frameworks-${CONFIGURATION}-input-files.xcfilelist",
			);
			name = "[CP] Embed Pods Frameworks";
			outputFileListPaths = (
				"${PODS_ROOT}/Target Support Files/Pods-CryptoMarkets/Pods-CryptoMarkets-frameworks-${CONFIGURATION}-output-files.xcfilelist",
			);
			runOnlyForDeploymentPostprocessing = 0;
			shellPath = /bin/sh;
			shellScript = "\"${PODS_ROOT}/Target Support Files/Pods-CryptoMarkets/Pods-CryptoMarkets-frameworks.sh\"\n";
			showEnvVarsInLog = 0;
		};
		BCB2EFA4C5CBEF7C4DCDA431 /* [CP] Check Pods Manifest.lock */ = {
			isa = PBXShellScriptBuildPhase;
			buildActionMask = 2147483647;
			files = (
			);
			inputFileListPaths = (
			);
			inputPaths = (
				"${PODS_PODFILE_DIR_PATH}/Podfile.lock",
				"${PODS_ROOT}/Manifest.lock",
			);
			name = "[CP] Check Pods Manifest.lock";
			outputFileListPaths = (
			);
			outputPaths = (
				"$(DERIVED_FILE_DIR)/Pods-CryptoMarkets-checkManifestLockResult.txt",
			);
			runOnlyForDeploymentPostprocessing = 0;
			shellPath = /bin/sh;
			shellScript = "diff \"${PODS_PODFILE_DIR_PATH}/Podfile.lock\" \"${PODS_ROOT}/Manifest.lock\" > /dev/null\nif [ $? != 0 ] ; then\n    # print error to STDERR\n    echo \"error: The sandbox is not in sync with the Podfile.lock. Run 'pod install' or update your CocoaPods installation.\" >&2\n    exit 1\nfi\n# This output is used by Xcode 'outputs' to avoid re-running this script phase.\necho \"SUCCESS\" > \"${SCRIPT_OUTPUT_FILE_0}\"\n";
			showEnvVarsInLog = 0;
		};
/* End PBXShellScriptBuildPhase section */

/* Begin PBXSourcesBuildPhase section */
		FD10151326FDB38200DDCFAC /* Sources */ = {
			isa = PBXSourcesBuildPhase;
			buildActionMask = 2147483647;
			files = (
				FD10154426FF169900DDCFAC /* CurrencyForExchangeTableViewCell.swift in Sources */,
				FD10153726FDC34D00DDCFAC /* Currency.swift in Sources */,
				FD10154C26FF5CEB00DDCFAC /* CurrencyForMarketTableViewCell.swift in Sources */,
				FD10153226FDBDF700DDCFAC /* Exchange.swift in Sources */,
				FD10154A26FF5CC200DDCFAC /* MarketsByCurrencyViewController.swift in Sources */,
				FD10154626FF441B00DDCFAC /* CurrencyTableViewCell.swift in Sources */,
				FD10153926FED87C00DDCFAC /* NetworkManager.swift in Sources */,
				FD37B3AA270446C5008D3215 /* Routes.swift in Sources */,
				FD10154226FF156500DDCFAC /* DetailedExchangeViewController.swift in Sources */,
				FD10151B26FDB38200DDCFAC /* AppDelegate.swift in Sources */,
				FD10154F270071FC00DDCFAC /* Extension+UiTableViewCell.swift in Sources */,
				FD10151D26FDB38200DDCFAC /* SceneDelegate.swift in Sources */,
				FD10154826FF464400DDCFAC /* CurrenciesListViewController.swift in Sources */,
				FD37B3AC2704593E008D3215 /* AlamofireNetworkManager.swift in Sources */,
				FD10153426FDBE0200DDCFAC /* Market.swift in Sources */,
				FD10153C26FF093D00DDCFAC /* ExchangesListViewController.swift in Sources */,
			);
			runOnlyForDeploymentPostprocessing = 0;
		};
/* End PBXSourcesBuildPhase section */

/* Begin PBXVariantGroup section */
		FD10152026FDB38200DDCFAC /* Main.storyboard */ = {
			isa = PBXVariantGroup;
			children = (
				FD10152126FDB38200DDCFAC /* Base */,
			);
			name = Main.storyboard;
			sourceTree = "<group>";
		};
		FD10152526FDB38500DDCFAC /* LaunchScreen.storyboard */ = {
			isa = PBXVariantGroup;
			children = (
				FD10152626FDB38500DDCFAC /* Base */,
			);
			name = LaunchScreen.storyboard;
			sourceTree = "<group>";
		};
/* End PBXVariantGroup section */

/* Begin XCBuildConfiguration section */
		FD10152926FDB38500DDCFAC /* Debug */ = {
			isa = XCBuildConfiguration;
			buildSettings = {
				ALWAYS_SEARCH_USER_PATHS = NO;
				CLANG_ANALYZER_NONNULL = YES;
				CLANG_ANALYZER_NUMBER_OBJECT_CONVERSION = YES_AGGRESSIVE;
				CLANG_CXX_LANGUAGE_STANDARD = "gnu++17";
				CLANG_CXX_LIBRARY = "libc++";
				CLANG_ENABLE_MODULES = YES;
				CLANG_ENABLE_OBJC_ARC = YES;
				CLANG_ENABLE_OBJC_WEAK = YES;
				CLANG_WARN_BLOCK_CAPTURE_AUTORELEASING = YES;
				CLANG_WARN_BOOL_CONVERSION = YES;
				CLANG_WARN_COMMA = YES;
				CLANG_WARN_CONSTANT_CONVERSION = YES;
				CLANG_WARN_DEPRECATED_OBJC_IMPLEMENTATIONS = YES;
				CLANG_WARN_DIRECT_OBJC_ISA_USAGE = YES_ERROR;
				CLANG_WARN_DOCUMENTATION_COMMENTS = YES;
				CLANG_WARN_EMPTY_BODY = YES;
				CLANG_WARN_ENUM_CONVERSION = YES;
				CLANG_WARN_INFINITE_RECURSION = YES;
				CLANG_WARN_INT_CONVERSION = YES;
				CLANG_WARN_NON_LITERAL_NULL_CONVERSION = YES;
				CLANG_WARN_OBJC_IMPLICIT_RETAIN_SELF = YES;
				CLANG_WARN_OBJC_LITERAL_CONVERSION = YES;
				CLANG_WARN_OBJC_ROOT_CLASS = YES_ERROR;
				CLANG_WARN_QUOTED_INCLUDE_IN_FRAMEWORK_HEADER = YES;
				CLANG_WARN_RANGE_LOOP_ANALYSIS = YES;
				CLANG_WARN_STRICT_PROTOTYPES = YES;
				CLANG_WARN_SUSPICIOUS_MOVE = YES;
				CLANG_WARN_UNGUARDED_AVAILABILITY = YES_AGGRESSIVE;
				CLANG_WARN_UNREACHABLE_CODE = YES;
				CLANG_WARN__DUPLICATE_METHOD_MATCH = YES;
				COPY_PHASE_STRIP = NO;
				DEBUG_INFORMATION_FORMAT = dwarf;
				ENABLE_STRICT_OBJC_MSGSEND = YES;
				ENABLE_TESTABILITY = YES;
				GCC_C_LANGUAGE_STANDARD = gnu11;
				GCC_DYNAMIC_NO_PIC = NO;
				GCC_NO_COMMON_BLOCKS = YES;
				GCC_OPTIMIZATION_LEVEL = 0;
				GCC_PREPROCESSOR_DEFINITIONS = (
					"DEBUG=1",
					"$(inherited)",
				);
				GCC_WARN_64_TO_32_BIT_CONVERSION = YES;
				GCC_WARN_ABOUT_RETURN_TYPE = YES_ERROR;
				GCC_WARN_UNDECLARED_SELECTOR = YES;
				GCC_WARN_UNINITIALIZED_AUTOS = YES_AGGRESSIVE;
				GCC_WARN_UNUSED_FUNCTION = YES;
				GCC_WARN_UNUSED_VARIABLE = YES;
				IPHONEOS_DEPLOYMENT_TARGET = 15.0;
				MTL_ENABLE_DEBUG_INFO = INCLUDE_SOURCE;
				MTL_FAST_MATH = YES;
				ONLY_ACTIVE_ARCH = YES;
				SDKROOT = iphoneos;
				SWIFT_ACTIVE_COMPILATION_CONDITIONS = DEBUG;
				SWIFT_OPTIMIZATION_LEVEL = "-Onone";
			};
			name = Debug;
		};
		FD10152A26FDB38500DDCFAC /* Release */ = {
			isa = XCBuildConfiguration;
			buildSettings = {
				ALWAYS_SEARCH_USER_PATHS = NO;
				CLANG_ANALYZER_NONNULL = YES;
				CLANG_ANALYZER_NUMBER_OBJECT_CONVERSION = YES_AGGRESSIVE;
				CLANG_CXX_LANGUAGE_STANDARD = "gnu++17";
				CLANG_CXX_LIBRARY = "libc++";
				CLANG_ENABLE_MODULES = YES;
				CLANG_ENABLE_OBJC_ARC = YES;
				CLANG_ENABLE_OBJC_WEAK = YES;
				CLANG_WARN_BLOCK_CAPTURE_AUTORELEASING = YES;
				CLANG_WARN_BOOL_CONVERSION = YES;
				CLANG_WARN_COMMA = YES;
				CLANG_WARN_CONSTANT_CONVERSION = YES;
				CLANG_WARN_DEPRECATED_OBJC_IMPLEMENTATIONS = YES;
				CLANG_WARN_DIRECT_OBJC_ISA_USAGE = YES_ERROR;
				CLANG_WARN_DOCUMENTATION_COMMENTS = YES;
				CLANG_WARN_EMPTY_BODY = YES;
				CLANG_WARN_ENUM_CONVERSION = YES;
				CLANG_WARN_INFINITE_RECURSION = YES;
				CLANG_WARN_INT_CONVERSION = YES;
				CLANG_WARN_NON_LITERAL_NULL_CONVERSION = YES;
				CLANG_WARN_OBJC_IMPLICIT_RETAIN_SELF = YES;
				CLANG_WARN_OBJC_LITERAL_CONVERSION = YES;
				CLANG_WARN_OBJC_ROOT_CLASS = YES_ERROR;
				CLANG_WARN_QUOTED_INCLUDE_IN_FRAMEWORK_HEADER = YES;
				CLANG_WARN_RANGE_LOOP_ANALYSIS = YES;
				CLANG_WARN_STRICT_PROTOTYPES = YES;
				CLANG_WARN_SUSPICIOUS_MOVE = YES;
				CLANG_WARN_UNGUARDED_AVAILABILITY = YES_AGGRESSIVE;
				CLANG_WARN_UNREACHABLE_CODE = YES;
				CLANG_WARN__DUPLICATE_METHOD_MATCH = YES;
				COPY_PHASE_STRIP = NO;
				DEBUG_INFORMATION_FORMAT = "dwarf-with-dsym";
				ENABLE_NS_ASSERTIONS = NO;
				ENABLE_STRICT_OBJC_MSGSEND = YES;
				GCC_C_LANGUAGE_STANDARD = gnu11;
				GCC_NO_COMMON_BLOCKS = YES;
				GCC_WARN_64_TO_32_BIT_CONVERSION = YES;
				GCC_WARN_ABOUT_RETURN_TYPE = YES_ERROR;
				GCC_WARN_UNDECLARED_SELECTOR = YES;
				GCC_WARN_UNINITIALIZED_AUTOS = YES_AGGRESSIVE;
				GCC_WARN_UNUSED_FUNCTION = YES;
				GCC_WARN_UNUSED_VARIABLE = YES;
				IPHONEOS_DEPLOYMENT_TARGET = 15.0;
				MTL_ENABLE_DEBUG_INFO = NO;
				MTL_FAST_MATH = YES;
				SDKROOT = iphoneos;
				SWIFT_COMPILATION_MODE = wholemodule;
				SWIFT_OPTIMIZATION_LEVEL = "-O";
				VALIDATE_PRODUCT = YES;
			};
			name = Release;
		};
		FD10152C26FDB38500DDCFAC /* Debug */ = {
			isa = XCBuildConfiguration;
			baseConfigurationReference = E2160BC091A7D3E401FA07CA /* Pods-CryptoMarkets.debug.xcconfig */;
			buildSettings = {
				ASSETCATALOG_COMPILER_APPICON_NAME = AppIcon;
				ASSETCATALOG_COMPILER_GLOBAL_ACCENT_COLOR_NAME = AccentColor;
				CODE_SIGN_STYLE = Automatic;
				CURRENT_PROJECT_VERSION = 1;
				DEVELOPMENT_TEAM = 93336KV4Q7;
				GENERATE_INFOPLIST_FILE = YES;
				INFOPLIST_FILE = CryptoMarkets/App/Info.plist;
				INFOPLIST_KEY_UIApplicationSupportsIndirectInputEvents = YES;
				INFOPLIST_KEY_UILaunchStoryboardName = LaunchScreen;
				INFOPLIST_KEY_UIMainStoryboardFile = Main;
				INFOPLIST_KEY_UISupportedInterfaceOrientations_iPad = "UIInterfaceOrientationPortrait UIInterfaceOrientationPortraitUpsideDown UIInterfaceOrientationLandscapeLeft UIInterfaceOrientationLandscapeRight";
				INFOPLIST_KEY_UISupportedInterfaceOrientations_iPhone = "UIInterfaceOrientationPortrait UIInterfaceOrientationLandscapeLeft UIInterfaceOrientationLandscapeRight";
				LD_RUNPATH_SEARCH_PATHS = (
					"$(inherited)",
					"@executable_path/Frameworks",
				);
				MARKETING_VERSION = 1.0;
				PRODUCT_BUNDLE_IDENTIFIER = com.nadzeya.shpakouskaya.CryptoMarkets;
				PRODUCT_NAME = "$(TARGET_NAME)";
				SWIFT_EMIT_LOC_STRINGS = YES;
				SWIFT_VERSION = 5.0;
				TARGETED_DEVICE_FAMILY = "1,2";
			};
			name = Debug;
		};
		FD10152D26FDB38500DDCFAC /* Release */ = {
			isa = XCBuildConfiguration;
			baseConfigurationReference = 75D259574495E8256EC65627 /* Pods-CryptoMarkets.release.xcconfig */;
			buildSettings = {
				ASSETCATALOG_COMPILER_APPICON_NAME = AppIcon;
				ASSETCATALOG_COMPILER_GLOBAL_ACCENT_COLOR_NAME = AccentColor;
				CODE_SIGN_STYLE = Automatic;
				CURRENT_PROJECT_VERSION = 1;
				DEVELOPMENT_TEAM = 93336KV4Q7;
				GENERATE_INFOPLIST_FILE = YES;
				INFOPLIST_FILE = CryptoMarkets/App/Info.plist;
				INFOPLIST_KEY_UIApplicationSupportsIndirectInputEvents = YES;
				INFOPLIST_KEY_UILaunchStoryboardName = LaunchScreen;
				INFOPLIST_KEY_UIMainStoryboardFile = Main;
				INFOPLIST_KEY_UISupportedInterfaceOrientations_iPad = "UIInterfaceOrientationPortrait UIInterfaceOrientationPortraitUpsideDown UIInterfaceOrientationLandscapeLeft UIInterfaceOrientationLandscapeRight";
				INFOPLIST_KEY_UISupportedInterfaceOrientations_iPhone = "UIInterfaceOrientationPortrait UIInterfaceOrientationLandscapeLeft UIInterfaceOrientationLandscapeRight";
				LD_RUNPATH_SEARCH_PATHS = (
					"$(inherited)",
					"@executable_path/Frameworks",
				);
				MARKETING_VERSION = 1.0;
				PRODUCT_BUNDLE_IDENTIFIER = com.nadzeya.shpakouskaya.CryptoMarkets;
				PRODUCT_NAME = "$(TARGET_NAME)";
				SWIFT_EMIT_LOC_STRINGS = YES;
				SWIFT_VERSION = 5.0;
				TARGETED_DEVICE_FAMILY = "1,2";
			};
			name = Release;
		};
/* End XCBuildConfiguration section */

/* Begin XCConfigurationList section */
		FD10151226FDB38200DDCFAC /* Build configuration list for PBXProject "CryptoMarkets" */ = {
			isa = XCConfigurationList;
			buildConfigurations = (
				FD10152926FDB38500DDCFAC /* Debug */,
				FD10152A26FDB38500DDCFAC /* Release */,
			);
			defaultConfigurationIsVisible = 0;
			defaultConfigurationName = Release;
		};
		FD10152B26FDB38500DDCFAC /* Build configuration list for PBXNativeTarget "CryptoMarkets" */ = {
			isa = XCConfigurationList;
			buildConfigurations = (
				FD10152C26FDB38500DDCFAC /* Debug */,
				FD10152D26FDB38500DDCFAC /* Release */,
			);
			defaultConfigurationIsVisible = 0;
			defaultConfigurationName = Release;
		};
/* End XCConfigurationList section */
	};
	rootObject = FD10150F26FDB38200DDCFAC /* Project object */;
}
